// !$*UTF8*$!
{
	archiveVersion = 1;
	classes = {
	};
	objectVersion = 55;
	objects = {

/* Begin PBXBuildFile section */
		78BB208475E68E58E8175D95 /* Pods_WeatherCalendar.framework in Frameworks */ = {isa = PBXBuildFile; fileRef = FB4F553F0F66D2FDFC99A569 /* Pods_WeatherCalendar.framework */; };
		E848244E282E216400A180E3 /* TodoTableViewController.swift in Sources */ = {isa = PBXBuildFile; fileRef = E848244D282E216400A180E3 /* TodoTableViewController.swift */; };
		E8482452282E442B00A180E3 /* Todo.xcdatamodeld in Sources */ = {isa = PBXBuildFile; fileRef = E8482450282E442B00A180E3 /* Todo.xcdatamodeld */; };
		E86E1761282984C400D327B7 /* WeatherInfo.swift in Sources */ = {isa = PBXBuildFile; fileRef = E86E1760282984C400D327B7 /* WeatherInfo.swift */; };
		E8981EA128328C510000E5F0 /* AddTodoItemViewController.swift in Sources */ = {isa = PBXBuildFile; fileRef = E8981EA028328C510000E5F0 /* AddTodoItemViewController.swift */; };
		E89E85CF28042BD100DDAB0C /* AppDelegate.swift in Sources */ = {isa = PBXBuildFile; fileRef = E89E85CE28042BD100DDAB0C /* AppDelegate.swift */; };
		E89E85D128042BD100DDAB0C /* SceneDelegate.swift in Sources */ = {isa = PBXBuildFile; fileRef = E89E85D028042BD100DDAB0C /* SceneDelegate.swift */; };
		E89E85D328042BD100DDAB0C /* MainViewController.swift in Sources */ = {isa = PBXBuildFile; fileRef = E89E85D228042BD100DDAB0C /* MainViewController.swift */; };
		E89E85D628042BD100DDAB0C /* Main.storyboard in Resources */ = {isa = PBXBuildFile; fileRef = E89E85D428042BD100DDAB0C /* Main.storyboard */; };
		E89E85D828042BD200DDAB0C /* Assets.xcassets in Resources */ = {isa = PBXBuildFile; fileRef = E89E85D728042BD200DDAB0C /* Assets.xcassets */; };
		E89E85DB28042BD300DDAB0C /* LaunchScreen.storyboard in Resources */ = {isa = PBXBuildFile; fileRef = E89E85D928042BD300DDAB0C /* LaunchScreen.storyboard */; };
		E8DB2840282CC23200D98141 /* Todo.swift in Sources */ = {isa = PBXBuildFile; fileRef = E8DB283F282CC23200D98141 /* Todo.swift */; };
		E8DB2842282CC99B00D98141 /* CustomDateFormatter.swift in Sources */ = {isa = PBXBuildFile; fileRef = E8DB2841282CC99B00D98141 /* CustomDateFormatter.swift */; };
		E8DD19A6282BFD8D00D5FC78 /* Storage.swift in Sources */ = {isa = PBXBuildFile; fileRef = E8DD19A5282BFD8D00D5FC78 /* Storage.swift */; };
		E8FEDA50282C0A090051E8B0 /* HourlyWeatherSubView.swift in Sources */ = {isa = PBXBuildFile; fileRef = E8FEDA4F282C0A090051E8B0 /* HourlyWeatherSubView.swift */; };
		E8FEDA52282C0EA90051E8B0 /* Location.swift in Sources */ = {isa = PBXBuildFile; fileRef = E8FEDA51282C0EA90051E8B0 /* Location.swift */; };
/* End PBXBuildFile section */

/* Begin PBXFileReference section */
		0E69427662F97E0EF4FA598B /* Pods-WeatherCalendar.debug.xcconfig */ = {isa = PBXFileReference; includeInIndex = 1; lastKnownFileType = text.xcconfig; name = "Pods-WeatherCalendar.debug.xcconfig"; path = "Target Support Files/Pods-WeatherCalendar/Pods-WeatherCalendar.debug.xcconfig"; sourceTree = "<group>"; };
		A14227019291EADF1371BC69 /* Pods-WeatherCalendar.release.xcconfig */ = {isa = PBXFileReference; includeInIndex = 1; lastKnownFileType = text.xcconfig; name = "Pods-WeatherCalendar.release.xcconfig"; path = "Target Support Files/Pods-WeatherCalendar/Pods-WeatherCalendar.release.xcconfig"; sourceTree = "<group>"; };
		E848244D282E216400A180E3 /* TodoTableViewController.swift */ = {isa = PBXFileReference; lastKnownFileType = sourcecode.swift; path = TodoTableViewController.swift; sourceTree = "<group>"; };
		E8482451282E442B00A180E3 /* Todo.xcdatamodel */ = {isa = PBXFileReference; lastKnownFileType = wrapper.xcdatamodel; path = Todo.xcdatamodel; sourceTree = "<group>"; };
		E86E1760282984C400D327B7 /* WeatherInfo.swift */ = {isa = PBXFileReference; lastKnownFileType = sourcecode.swift; path = WeatherInfo.swift; sourceTree = "<group>"; };
		E8981EA028328C510000E5F0 /* AddTodoItemViewController.swift */ = {isa = PBXFileReference; lastKnownFileType = sourcecode.swift; path = AddTodoItemViewController.swift; sourceTree = "<group>"; };
		E89E85CB28042BD100DDAB0C /* WeatherCalendar.app */ = {isa = PBXFileReference; explicitFileType = wrapper.application; includeInIndex = 0; path = WeatherCalendar.app; sourceTree = BUILT_PRODUCTS_DIR; };
		E89E85CE28042BD100DDAB0C /* AppDelegate.swift */ = {isa = PBXFileReference; lastKnownFileType = sourcecode.swift; path = AppDelegate.swift; sourceTree = "<group>"; };
		E89E85D028042BD100DDAB0C /* SceneDelegate.swift */ = {isa = PBXFileReference; lastKnownFileType = sourcecode.swift; path = SceneDelegate.swift; sourceTree = "<group>"; };
		E89E85D228042BD100DDAB0C /* MainViewController.swift */ = {isa = PBXFileReference; lastKnownFileType = sourcecode.swift; path = MainViewController.swift; sourceTree = "<group>"; };
		E89E85D528042BD100DDAB0C /* Base */ = {isa = PBXFileReference; lastKnownFileType = file.storyboard; name = Base; path = Base.lproj/Main.storyboard; sourceTree = "<group>"; };
		E89E85D728042BD200DDAB0C /* Assets.xcassets */ = {isa = PBXFileReference; lastKnownFileType = folder.assetcatalog; path = Assets.xcassets; sourceTree = "<group>"; };
		E89E85DA28042BD300DDAB0C /* Base */ = {isa = PBXFileReference; lastKnownFileType = file.storyboard; name = Base; path = Base.lproj/LaunchScreen.storyboard; sourceTree = "<group>"; };
		E89E85DC28042BD300DDAB0C /* Info.plist */ = {isa = PBXFileReference; lastKnownFileType = text.plist.xml; path = Info.plist; sourceTree = "<group>"; };
		E8DB283F282CC23200D98141 /* Todo.swift */ = {isa = PBXFileReference; lastKnownFileType = sourcecode.swift; path = Todo.swift; sourceTree = "<group>"; };
		E8DB2841282CC99B00D98141 /* CustomDateFormatter.swift */ = {isa = PBXFileReference; lastKnownFileType = sourcecode.swift; path = CustomDateFormatter.swift; sourceTree = "<group>"; };
		E8DD19A5282BFD8D00D5FC78 /* Storage.swift */ = {isa = PBXFileReference; lastKnownFileType = sourcecode.swift; path = Storage.swift; sourceTree = "<group>"; };
		E8FEDA4F282C0A090051E8B0 /* HourlyWeatherSubView.swift */ = {isa = PBXFileReference; lastKnownFileType = sourcecode.swift; path = HourlyWeatherSubView.swift; sourceTree = "<group>"; };
		E8FEDA51282C0EA90051E8B0 /* Location.swift */ = {isa = PBXFileReference; lastKnownFileType = sourcecode.swift; path = Location.swift; sourceTree = "<group>"; };
		FB4F553F0F66D2FDFC99A569 /* Pods_WeatherCalendar.framework */ = {isa = PBXFileReference; explicitFileType = wrapper.framework; includeInIndex = 0; path = Pods_WeatherCalendar.framework; sourceTree = BUILT_PRODUCTS_DIR; };
/* End PBXFileReference section */

/* Begin PBXFrameworksBuildPhase section */
		E89E85C828042BD100DDAB0C /* Frameworks */ = {
			isa = PBXFrameworksBuildPhase;
			buildActionMask = 2147483647;
			files = (
				78BB208475E68E58E8175D95 /* Pods_WeatherCalendar.framework in Frameworks */,
			);
			runOnlyForDeploymentPostprocessing = 0;
		};
/* End PBXFrameworksBuildPhase section */

/* Begin PBXGroup section */
		2DA918760CC8C08895FDD11B /* Frameworks */ = {
			isa = PBXGroup;
			children = (
				FB4F553F0F66D2FDFC99A569 /* Pods_WeatherCalendar.framework */,
			);
			name = Frameworks;
			sourceTree = "<group>";
		};
		4B88D1E571BD3532BE5847D3 /* Pods */ = {
			isa = PBXGroup;
			children = (
				0E69427662F97E0EF4FA598B /* Pods-WeatherCalendar.debug.xcconfig */,
				A14227019291EADF1371BC69 /* Pods-WeatherCalendar.release.xcconfig */,
			);
			path = Pods;
			sourceTree = "<group>";
		};
		E8039454282D7C2800B9C310 /* CustomView */ = {
			isa = PBXGroup;
			children = (
				E8FEDA4F282C0A090051E8B0 /* HourlyWeatherSubView.swift */,
			);
			path = CustomView;
			sourceTree = "<group>";
		};
		E848244F282E2A5300A180E3 /* ViewController */ = {
			isa = PBXGroup;
			children = (
				E89E85D228042BD100DDAB0C /* MainViewController.swift */,
				E848244D282E216400A180E3 /* TodoTableViewController.swift */,
				E8981EA028328C510000E5F0 /* AddTodoItemViewController.swift */,
			);
			path = ViewController;
			sourceTree = "<group>";
		};
		E89E85C228042BD100DDAB0C = {
			isa = PBXGroup;
			children = (
				E89E85CD28042BD100DDAB0C /* WeatherCalendar */,
				E89E85CC28042BD100DDAB0C /* Products */,
				4B88D1E571BD3532BE5847D3 /* Pods */,
				2DA918760CC8C08895FDD11B /* Frameworks */,
			);
			sourceTree = "<group>";
		};
		E89E85CC28042BD100DDAB0C /* Products */ = {
			isa = PBXGroup;
			children = (
				E89E85CB28042BD100DDAB0C /* WeatherCalendar.app */,
			);
			name = Products;
			sourceTree = "<group>";
		};
		E89E85CD28042BD100DDAB0C /* WeatherCalendar */ = {
			isa = PBXGroup;
			children = (
				E89E85CE28042BD100DDAB0C /* AppDelegate.swift */,
				E89E85D028042BD100DDAB0C /* SceneDelegate.swift */,
				E848244F282E2A5300A180E3 /* ViewController */,
				E8DB2841282CC99B00D98141 /* CustomDateFormatter.swift */,
				E8039454282D7C2800B9C310 /* CustomView */,
				E8DB283E282CB86D00D98141 /* Literal */,
				E8DD19A4282BEF7C00D5FC78 /* Model */,
				E89E85D428042BD100DDAB0C /* Main.storyboard */,
				E89E85D728042BD200DDAB0C /* Assets.xcassets */,
				E89E85D928042BD300DDAB0C /* LaunchScreen.storyboard */,
				E89E85DC28042BD300DDAB0C /* Info.plist */,
			);
			path = WeatherCalendar;
			sourceTree = "<group>";
		};
		E8DB283E282CB86D00D98141 /* Literal */ = {
			isa = PBXGroup;
			children = (
				E8FEDA51282C0EA90051E8B0 /* Location.swift */,
				E8DD19A5282BFD8D00D5FC78 /* Storage.swift */,
			);
			path = Literal;
			sourceTree = "<group>";
		};
		E8DD19A4282BEF7C00D5FC78 /* Model */ = {
			isa = PBXGroup;
			children = (
				E86E1760282984C400D327B7 /* WeatherInfo.swift */,
				E8DB283F282CC23200D98141 /* Todo.swift */,
				E8482450282E442B00A180E3 /* Todo.xcdatamodeld */,
			);
			path = Model;
			sourceTree = "<group>";
		};
/* End PBXGroup section */

/* Begin PBXNativeTarget section */
		E89E85CA28042BD100DDAB0C /* WeatherCalendar */ = {
			isa = PBXNativeTarget;
			buildConfigurationList = E89E85DF28042BD300DDAB0C /* Build configuration list for PBXNativeTarget "WeatherCalendar" */;
			buildPhases = (
				F81A3C4738BF6F9B71DA5EE1 /* [CP] Check Pods Manifest.lock */,
				E89E85C728042BD100DDAB0C /* Sources */,
				E89E85C828042BD100DDAB0C /* Frameworks */,
				E89E85C928042BD100DDAB0C /* Resources */,
				156059A2A2FE90F7A57D558C /* [CP] Embed Pods Frameworks */,
			);
			buildRules = (
			);
			dependencies = (
			);
			name = WeatherCalendar;
			productName = WeatherCalender;
			productReference = E89E85CB28042BD100DDAB0C /* WeatherCalendar.app */;
			productType = "com.apple.product-type.application";
		};
/* End PBXNativeTarget section */

/* Begin PBXProject section */
		E89E85C328042BD100DDAB0C /* Project object */ = {
			isa = PBXProject;
			attributes = {
				BuildIndependentTargetsInParallel = 1;
				LastSwiftUpdateCheck = 1330;
				LastUpgradeCheck = 1330;
				TargetAttributes = {
					E89E85CA28042BD100DDAB0C = {
						CreatedOnToolsVersion = 13.3;
					};
				};
			};
			buildConfigurationList = E89E85C628042BD100DDAB0C /* Build configuration list for PBXProject "WeatherCalendar" */;
			compatibilityVersion = "Xcode 13.0";
			developmentRegion = en;
			hasScannedForEncodings = 0;
			knownRegions = (
				en,
				Base,
			);
			mainGroup = E89E85C228042BD100DDAB0C;
			productRefGroup = E89E85CC28042BD100DDAB0C /* Products */;
			projectDirPath = "";
			projectRoot = "";
			targets = (
				E89E85CA28042BD100DDAB0C /* WeatherCalendar */,
			);
		};
/* End PBXProject section */

/* Begin PBXResourcesBuildPhase section */
		E89E85C928042BD100DDAB0C /* Resources */ = {
			isa = PBXResourcesBuildPhase;
			buildActionMask = 2147483647;
			files = (
				E89E85DB28042BD300DDAB0C /* LaunchScreen.storyboard in Resources */,
				E89E85D828042BD200DDAB0C /* Assets.xcassets in Resources */,
				E89E85D628042BD100DDAB0C /* Main.storyboard in Resources */,
			);
			runOnlyForDeploymentPostprocessing = 0;
		};
/* End PBXResourcesBuildPhase section */

/* Begin PBXShellScriptBuildPhase section */
		156059A2A2FE90F7A57D558C /* [CP] Embed Pods Frameworks */ = {
			isa = PBXShellScriptBuildPhase;
			buildActionMask = 2147483647;
			files = (
			);
			inputFileListPaths = (
				"${PODS_ROOT}/Target Support Files/Pods-WeatherCalendar/Pods-WeatherCalendar-frameworks-${CONFIGURATION}-input-files.xcfilelist",
			);
			name = "[CP] Embed Pods Frameworks";
			outputFileListPaths = (
				"${PODS_ROOT}/Target Support Files/Pods-WeatherCalendar/Pods-WeatherCalendar-frameworks-${CONFIGURATION}-output-files.xcfilelist",
			);
			runOnlyForDeploymentPostprocessing = 0;
			shellPath = /bin/sh;
			shellScript = "\"${PODS_ROOT}/Target Support Files/Pods-WeatherCalendar/Pods-WeatherCalendar-frameworks.sh\"\n";
			showEnvVarsInLog = 0;
		};
		F81A3C4738BF6F9B71DA5EE1 /* [CP] Check Pods Manifest.lock */ = {
			isa = PBXShellScriptBuildPhase;
			buildActionMask = 2147483647;
			files = (
			);
			inputFileListPaths = (
			);
			inputPaths = (
				"${PODS_PODFILE_DIR_PATH}/Podfile.lock",
				"${PODS_ROOT}/Manifest.lock",
			);
			name = "[CP] Check Pods Manifest.lock";
			outputFileListPaths = (
			);
			outputPaths = (
				"$(DERIVED_FILE_DIR)/Pods-WeatherCalendar-checkManifestLockResult.txt",
			);
			runOnlyForDeploymentPostprocessing = 0;
			shellPath = /bin/sh;
			shellScript = "diff \"${PODS_PODFILE_DIR_PATH}/Podfile.lock\" \"${PODS_ROOT}/Manifest.lock\" > /dev/null\nif [ $? != 0 ] ; then\n    # print error to STDERR\n    echo \"error: The sandbox is not in sync with the Podfile.lock. Run 'pod install' or update your CocoaPods installation.\" >&2\n    exit 1\nfi\n# This output is used by Xcode 'outputs' to avoid re-running this script phase.\necho \"SUCCESS\" > \"${SCRIPT_OUTPUT_FILE_0}\"\n";
			showEnvVarsInLog = 0;
		};
/* End PBXShellScriptBuildPhase section */

/* Begin PBXSourcesBuildPhase section */
		E89E85C728042BD100DDAB0C /* Sources */ = {
			isa = PBXSourcesBuildPhase;
			buildActionMask = 2147483647;
			files = (
				E89E85D328042BD100DDAB0C /* MainViewController.swift in Sources */,
				E848244E282E216400A180E3 /* TodoTableViewController.swift in Sources */,
				E8DB2840282CC23200D98141 /* Todo.swift in Sources */,
				E8FEDA52282C0EA90051E8B0 /* Location.swift in Sources */,
				E89E85CF28042BD100DDAB0C /* AppDelegate.swift in Sources */,
				E8DB2842282CC99B00D98141 /* CustomDateFormatter.swift in Sources */,
				E8FEDA50282C0A090051E8B0 /* HourlyWeatherSubView.swift in Sources */,
				E8482452282E442B00A180E3 /* Todo.xcdatamodeld in Sources */,
				E89E85D128042BD100DDAB0C /* SceneDelegate.swift in Sources */,
				E86E1761282984C400D327B7 /* WeatherInfo.swift in Sources */,
				E8DD19A6282BFD8D00D5FC78 /* Storage.swift in Sources */,
				E8981EA128328C510000E5F0 /* AddTodoItemViewController.swift in Sources */,
			);
			runOnlyForDeploymentPostprocessing = 0;
		};
/* End PBXSourcesBuildPhase section */

/* Begin PBXVariantGroup section */
		E89E85D428042BD100DDAB0C /* Main.storyboard */ = {
			isa = PBXVariantGroup;
			children = (
				E89E85D528042BD100DDAB0C /* Base */,
			);
			name = Main.storyboard;
			sourceTree = "<group>";
		};
		E89E85D928042BD300DDAB0C /* LaunchScreen.storyboard */ = {
			isa = PBXVariantGroup;
			children = (
				E89E85DA28042BD300DDAB0C /* Base */,
			);
			name = LaunchScreen.storyboard;
			sourceTree = "<group>";
		};
/* End PBXVariantGroup section */

/* Begin XCBuildConfiguration section */
		E89E85DD28042BD300DDAB0C /* Debug */ = {
			isa = XCBuildConfiguration;
			buildSettings = {
				ALWAYS_SEARCH_USER_PATHS = NO;
				CLANG_ANALYZER_NONNULL = YES;
				CLANG_ANALYZER_NUMBER_OBJECT_CONVERSION = YES_AGGRESSIVE;
				CLANG_CXX_LANGUAGE_STANDARD = "gnu++17";
				CLANG_ENABLE_MODULES = YES;
				CLANG_ENABLE_OBJC_ARC = YES;
				CLANG_ENABLE_OBJC_WEAK = YES;
				CLANG_WARN_BLOCK_CAPTURE_AUTORELEASING = YES;
				CLANG_WARN_BOOL_CONVERSION = YES;
				CLANG_WARN_COMMA = YES;
				CLANG_WARN_CONSTANT_CONVERSION = YES;
				CLANG_WARN_DEPRECATED_OBJC_IMPLEMENTATIONS = YES;
				CLANG_WARN_DIRECT_OBJC_ISA_USAGE = YES_ERROR;
				CLANG_WARN_DOCUMENTATION_COMMENTS = YES;
				CLANG_WARN_EMPTY_BODY = YES;
				CLANG_WARN_ENUM_CONVERSION = YES;
				CLANG_WARN_INFINITE_RECURSION = YES;
				CLANG_WARN_INT_CONVERSION = YES;
				CLANG_WARN_NON_LITERAL_NULL_CONVERSION = YES;
				CLANG_WARN_OBJC_IMPLICIT_RETAIN_SELF = YES;
				CLANG_WARN_OBJC_LITERAL_CONVERSION = YES;
				CLANG_WARN_OBJC_ROOT_CLASS = YES_ERROR;
				CLANG_WARN_QUOTED_INCLUDE_IN_FRAMEWORK_HEADER = YES;
				CLANG_WARN_RANGE_LOOP_ANALYSIS = YES;
				CLANG_WARN_STRICT_PROTOTYPES = YES;
				CLANG_WARN_SUSPICIOUS_MOVE = YES;
				CLANG_WARN_UNGUARDED_AVAILABILITY = YES_AGGRESSIVE;
				CLANG_WARN_UNREACHABLE_CODE = YES;
				CLANG_WARN__DUPLICATE_METHOD_MATCH = YES;
				COPY_PHASE_STRIP = NO;
				DEBUG_INFORMATION_FORMAT = dwarf;
				ENABLE_STRICT_OBJC_MSGSEND = YES;
				ENABLE_TESTABILITY = YES;
				GCC_C_LANGUAGE_STANDARD = gnu11;
				GCC_DYNAMIC_NO_PIC = NO;
				GCC_NO_COMMON_BLOCKS = YES;
				GCC_OPTIMIZATION_LEVEL = 0;
				GCC_PREPROCESSOR_DEFINITIONS = (
					"DEBUG=1",
					"$(inherited)",
				);
				GCC_WARN_64_TO_32_BIT_CONVERSION = YES;
				GCC_WARN_ABOUT_RETURN_TYPE = YES_ERROR;
				GCC_WARN_UNDECLARED_SELECTOR = YES;
				GCC_WARN_UNINITIALIZED_AUTOS = YES_AGGRESSIVE;
				GCC_WARN_UNUSED_FUNCTION = YES;
				GCC_WARN_UNUSED_VARIABLE = YES;
				IPHONEOS_DEPLOYMENT_TARGET = 15.0;
				MTL_ENABLE_DEBUG_INFO = INCLUDE_SOURCE;
				MTL_FAST_MATH = YES;
				ONLY_ACTIVE_ARCH = YES;
				SDKROOT = iphoneos;
				SWIFT_ACTIVE_COMPILATION_CONDITIONS = DEBUG;
				SWIFT_OPTIMIZATION_LEVEL = "-Onone";
			};
			name = Debug;
		};
		E89E85DE28042BD300DDAB0C /* Release */ = {
			isa = XCBuildConfiguration;
			buildSettings = {
				ALWAYS_SEARCH_USER_PATHS = NO;
				CLANG_ANALYZER_NONNULL = YES;
				CLANG_ANALYZER_NUMBER_OBJECT_CONVERSION = YES_AGGRESSIVE;
				CLANG_CXX_LANGUAGE_STANDARD = "gnu++17";
				CLANG_ENABLE_MODULES = YES;
				CLANG_ENABLE_OBJC_ARC = YES;
				CLANG_ENABLE_OBJC_WEAK = YES;
				CLANG_WARN_BLOCK_CAPTURE_AUTORELEASING = YES;
				CLANG_WARN_BOOL_CONVERSION = YES;
				CLANG_WARN_COMMA = YES;
				CLANG_WARN_CONSTANT_CONVERSION = YES;
				CLANG_WARN_DEPRECATED_OBJC_IMPLEMENTATIONS = YES;
				CLANG_WARN_DIRECT_OBJC_ISA_USAGE = YES_ERROR;
				CLANG_WARN_DOCUMENTATION_COMMENTS = YES;
				CLANG_WARN_EMPTY_BODY = YES;
				CLANG_WARN_ENUM_CONVERSION = YES;
				CLANG_WARN_INFINITE_RECURSION = YES;
				CLANG_WARN_INT_CONVERSION = YES;
				CLANG_WARN_NON_LITERAL_NULL_CONVERSION = YES;
				CLANG_WARN_OBJC_IMPLICIT_RETAIN_SELF = YES;
				CLANG_WARN_OBJC_LITERAL_CONVERSION = YES;
				CLANG_WARN_OBJC_ROOT_CLASS = YES_ERROR;
				CLANG_WARN_QUOTED_INCLUDE_IN_FRAMEWORK_HEADER = YES;
				CLANG_WARN_RANGE_LOOP_ANALYSIS = YES;
				CLANG_WARN_STRICT_PROTOTYPES = YES;
				CLANG_WARN_SUSPICIOUS_MOVE = YES;
				CLANG_WARN_UNGUARDED_AVAILABILITY = YES_AGGRESSIVE;
				CLANG_WARN_UNREACHABLE_CODE = YES;
				CLANG_WARN__DUPLICATE_METHOD_MATCH = YES;
				COPY_PHASE_STRIP = NO;
				DEBUG_INFORMATION_FORMAT = "dwarf-with-dsym";
				ENABLE_NS_ASSERTIONS = NO;
				ENABLE_STRICT_OBJC_MSGSEND = YES;
				GCC_C_LANGUAGE_STANDARD = gnu11;
				GCC_NO_COMMON_BLOCKS = YES;
				GCC_WARN_64_TO_32_BIT_CONVERSION = YES;
				GCC_WARN_ABOUT_RETURN_TYPE = YES_ERROR;
				GCC_WARN_UNDECLARED_SELECTOR = YES;
				GCC_WARN_UNINITIALIZED_AUTOS = YES_AGGRESSIVE;
				GCC_WARN_UNUSED_FUNCTION = YES;
				GCC_WARN_UNUSED_VARIABLE = YES;
				IPHONEOS_DEPLOYMENT_TARGET = 15.0;
				MTL_ENABLE_DEBUG_INFO = NO;
				MTL_FAST_MATH = YES;
				SDKROOT = iphoneos;
				SWIFT_COMPILATION_MODE = wholemodule;
				SWIFT_OPTIMIZATION_LEVEL = "-O";
				VALIDATE_PRODUCT = YES;
			};
			name = Release;
		};
		E89E85E028042BD300DDAB0C /* Debug */ = {
			isa = XCBuildConfiguration;
			baseConfigurationReference = 0E69427662F97E0EF4FA598B /* Pods-WeatherCalendar.debug.xcconfig */;
			buildSettings = {
				ASSETCATALOG_COMPILER_APPICON_NAME = AppIcon;
				ASSETCATALOG_COMPILER_GLOBAL_ACCENT_COLOR_NAME = AccentColor;
				CODE_SIGN_STYLE = Automatic;
				CURRENT_PROJECT_VERSION = 1;
				DEVELOPMENT_TEAM = 2AVC8X7323;
				GENERATE_INFOPLIST_FILE = YES;
				INFOPLIST_FILE = WeatherCalendar/Info.plist;
				INFOPLIST_KEY_UIApplicationSupportsIndirectInputEvents = YES;
				INFOPLIST_KEY_UILaunchStoryboardName = LaunchScreen;
				INFOPLIST_KEY_UIMainStoryboardFile = Main;
				INFOPLIST_KEY_UISupportedInterfaceOrientations = UIInterfaceOrientationPortrait;
				INFOPLIST_KEY_UISupportedInterfaceOrientations_iPad = "UIInterfaceOrientationPortrait UIInterfaceOrientationPortraitUpsideDown UIInterfaceOrientationLandscapeLeft UIInterfaceOrientationLandscapeRight";
				INFOPLIST_KEY_UISupportedInterfaceOrientations_iPhone = "UIInterfaceOrientationPortrait UIInterfaceOrientationLandscapeLeft UIInterfaceOrientationLandscapeRight";
				IPHONEOS_DEPLOYMENT_TARGET = 15.0;
				LD_RUNPATH_SEARCH_PATHS = (
					"$(inherited)",
					"@executable_path/Frameworks",
				);
				MARKETING_VERSION = 1.0;
				PRODUCT_BUNDLE_IDENTIFIER = MacMorning.WeatherCalendar;
				PRODUCT_NAME = "$(TARGET_NAME)";
				SWIFT_EMIT_LOC_STRINGS = YES;
				SWIFT_VERSION = 5.0;
				TARGETED_DEVICE_FAMILY = 1;
			};
			name = Debug;
		};
		E89E85E128042BD300DDAB0C /* Release */ = {
			isa = XCBuildConfiguration;
			baseConfigurationReference = A14227019291EADF1371BC69 /* Pods-WeatherCalendar.release.xcconfig */;
			buildSettings = {
				ASSETCATALOG_COMPILER_APPICON_NAME = AppIcon;
				ASSETCATALOG_COMPILER_GLOBAL_ACCENT_COLOR_NAME = AccentColor;
				CODE_SIGN_STYLE = Automatic;
				CURRENT_PROJECT_VERSION = 1;
				DEVELOPMENT_TEAM = 2AVC8X7323;
				GENERATE_INFOPLIST_FILE = YES;
				INFOPLIST_FILE = WeatherCalendar/Info.plist;
				INFOPLIST_KEY_UIApplicationSupportsIndirectInputEvents = YES;
				INFOPLIST_KEY_UILaunchStoryboardName = LaunchScreen;
				INFOPLIST_KEY_UIMainStoryboardFile = Main;
				INFOPLIST_KEY_UISupportedInterfaceOrientations = UIInterfaceOrientationPortrait;
				INFOPLIST_KEY_UISupportedInterfaceOrientations_iPad = "UIInterfaceOrientationPortrait UIInterfaceOrientationPortraitUpsideDown UIInterfaceOrientationLandscapeLeft UIInterfaceOrientationLandscapeRight";
				INFOPLIST_KEY_UISupportedInterfaceOrientations_iPhone = "UIInterfaceOrientationPortrait UIInterfaceOrientationLandscapeLeft UIInterfaceOrientationLandscapeRight";
				IPHONEOS_DEPLOYMENT_TARGET = 15.0;
				LD_RUNPATH_SEARCH_PATHS = (
					"$(inherited)",
					"@executable_path/Frameworks",
				);
				MARKETING_VERSION = 1.0;
				PRODUCT_BUNDLE_IDENTIFIER = MacMorning.WeatherCalendar;
				PRODUCT_NAME = "$(TARGET_NAME)";
				SWIFT_EMIT_LOC_STRINGS = YES;
				SWIFT_VERSION = 5.0;
				TARGETED_DEVICE_FAMILY = 1;
			};
			name = Release;
		};
/* End XCBuildConfiguration section */

/* Begin XCConfigurationList section */
		E89E85C628042BD100DDAB0C /* Build configuration list for PBXProject "WeatherCalendar" */ = {
			isa = XCConfigurationList;
			buildConfigurations = (
				E89E85DD28042BD300DDAB0C /* Debug */,
				E89E85DE28042BD300DDAB0C /* Release */,
			);
			defaultConfigurationIsVisible = 0;
			defaultConfigurationName = Release;
		};
		E89E85DF28042BD300DDAB0C /* Build configuration list for PBXNativeTarget "WeatherCalendar" */ = {
			isa = XCConfigurationList;
			buildConfigurations = (
				E89E85E028042BD300DDAB0C /* Debug */,
				E89E85E128042BD300DDAB0C /* Release */,
			);
			defaultConfigurationIsVisible = 0;
			defaultConfigurationName = Release;
		};
/* End XCConfigurationList section */

/* Begin XCVersionGroup section */
		E8482450282E442B00A180E3 /* Todo.xcdatamodeld */ = {
			isa = XCVersionGroup;
			children = (
				E8482451282E442B00A180E3 /* Todo.xcdatamodel */,
			);
			currentVersion = E8482451282E442B00A180E3 /* Todo.xcdatamodel */;
			path = Todo.xcdatamodeld;
			sourceTree = "<group>";
			versionGroupType = wrapper.xcdatamodel;
		};
/* End XCVersionGroup section */
	};
	rootObject = E89E85C328042BD100DDAB0C /* Project object */;
}
